// !$*UTF8*$!
{
	archiveVersion = 1;
	classes = {
	};
	objectVersion = 46;
	objects = {

/* Begin PBXBuildFile section */
		ADB575011E8D01AA00D4A28E /* main.m in Sources */ = {isa = PBXBuildFile; fileRef = ADB575001E8D01AA00D4A28E /* main.m */; };
		ADB575041E8D01AA00D4A28E /* AppDelegate.m in Sources */ = {isa = PBXBuildFile; fileRef = ADB575031E8D01AA00D4A28E /* AppDelegate.m */; };
		ADB575071E8D01AA00D4A28E /* ViewController.m in Sources */ = {isa = PBXBuildFile; fileRef = ADB575061E8D01AA00D4A28E /* ViewController.m */; };
		ADB5750A1E8D01AA00D4A28E /* Main.storyboard in Resources */ = {isa = PBXBuildFile; fileRef = ADB575081E8D01AA00D4A28E /* Main.storyboard */; };
		ADB5750C1E8D01AA00D4A28E /* Assets.xcassets in Resources */ = {isa = PBXBuildFile; fileRef = ADB5750B1E8D01AA00D4A28E /* Assets.xcassets */; };
		ADB5750F1E8D01AA00D4A28E /* LaunchScreen.storyboard in Resources */ = {isa = PBXBuildFile; fileRef = ADB5750D1E8D01AA00D4A28E /* LaunchScreen.storyboard */; };
		ADB5751A1E8D01B900D4A28E /* TTPieSliceLayer.m in Sources */ = {isa = PBXBuildFile; fileRef = ADB575171E8D01B900D4A28E /* TTPieSliceLayer.m */; };
		ADB5751B1E8D01B900D4A28E /* TTPieView.m in Sources */ = {isa = PBXBuildFile; fileRef = ADB575191E8D01B900D4A28E /* TTPieView.m */; };
		ADE9432E1E8E237600D4A28E /* TTPieStaticLayer.m in Sources */ = {isa = PBXBuildFile; fileRef = ADE9432D1E8E237600D4A28E /* TTPieStaticLayer.m */; };
/* End PBXBuildFile section */

/* Begin PBXFileReference section */
		ADB574FC1E8D01AA00D4A28E /* PieChart.app */ = {isa = PBXFileReference; explicitFileType = wrapper.application; includeInIndex = 0; path = PieChart.app; sourceTree = BUILT_PRODUCTS_DIR; };
		ADB575001E8D01AA00D4A28E /* main.m */ = {isa = PBXFileReference; lastKnownFileType = sourcecode.c.objc; path = main.m; sourceTree = "<group>"; };
		ADB575021E8D01AA00D4A28E /* AppDelegate.h */ = {isa = PBXFileReference; lastKnownFileType = sourcecode.c.h; path = AppDelegate.h; sourceTree = "<group>"; };
		ADB575031E8D01AA00D4A28E /* AppDelegate.m */ = {isa = PBXFileReference; lastKnownFileType = sourcecode.c.objc; path = AppDelegate.m; sourceTree = "<group>"; };
		ADB575051E8D01AA00D4A28E /* ViewController.h */ = {isa = PBXFileReference; lastKnownFileType = sourcecode.c.h; path = ViewController.h; sourceTree = "<group>"; };
		ADB575061E8D01AA00D4A28E /* ViewController.m */ = {isa = PBXFileReference; lastKnownFileType = sourcecode.c.objc; path = ViewController.m; sourceTree = "<group>"; };
		ADB575091E8D01AA00D4A28E /* Base */ = {isa = PBXFileReference; lastKnownFileType = file.storyboard; name = Base; path = Base.lproj/Main.storyboard; sourceTree = "<group>"; };
		ADB5750B1E8D01AA00D4A28E /* Assets.xcassets */ = {isa = PBXFileReference; lastKnownFileType = folder.assetcatalog; path = Assets.xcassets; sourceTree = "<group>"; };
		ADB5750E1E8D01AA00D4A28E /* Base */ = {isa = PBXFileReference; lastKnownFileType = file.storyboard; name = Base; path = Base.lproj/LaunchScreen.storyboard; sourceTree = "<group>"; };
		ADB575101E8D01AA00D4A28E /* Info.plist */ = {isa = PBXFileReference; lastKnownFileType = text.plist.xml; path = Info.plist; sourceTree = "<group>"; };
		ADB575161E8D01B900D4A28E /* TTPieSliceLayer.h */ = {isa = PBXFileReference; fileEncoding = 4; lastKnownFileType = sourcecode.c.h; name = TTPieSliceLayer.h; path = ../TTPieSliceLayer.h; sourceTree = "<group>"; };
		ADB575171E8D01B900D4A28E /* TTPieSliceLayer.m */ = {isa = PBXFileReference; fileEncoding = 4; lastKnownFileType = sourcecode.c.objc; name = TTPieSliceLayer.m; path = ../TTPieSliceLayer.m; sourceTree = "<group>"; };
		ADB575181E8D01B900D4A28E /* TTPieView.h */ = {isa = PBXFileReference; fileEncoding = 4; lastKnownFileType = sourcecode.c.h; name = TTPieView.h; path = ../TTPieView.h; sourceTree = "<group>"; };
		ADB575191E8D01B900D4A28E /* TTPieView.m */ = {isa = PBXFileReference; fileEncoding = 4; lastKnownFileType = sourcecode.c.objc; name = TTPieView.m; path = ../TTPieView.m; sourceTree = "<group>"; };
		ADE9432C1E8E237600D4A28E /* TTPieSliceLayer.h */ = {isa = PBXFileReference; fileEncoding = 4; lastKnownFileType = sourcecode.c.h; name = TTPieSliceLayer.h; path = ../TTPieSliceLayer.h; sourceTree = "<group>"; };
		ADE9432D1E8E237600D4A28E /* TTPieStaticLayer.m */ = {isa = PBXFileReference; fileEncoding = 4; lastKnownFileType = sourcecode.c.objc; name = TTPieStaticLayer.m; path = ../TTPieStaticLayer.m; sourceTree = "<group>"; };
/* End PBXFileReference section */

/* Begin PBXFrameworksBuildPhase section */
		ADB574F91E8D01AA00D4A28E /* Frameworks */ = {
			isa = PBXFrameworksBuildPhase;
			buildActionMask = 2147483647;
			files = (
			);
			runOnlyForDeploymentPostprocessing = 0;
		};
/* End PBXFrameworksBuildPhase section */

/* Begin PBXGroup section */
		ADB574F31E8D01A900D4A28E = {
			isa = PBXGroup;
			children = (
				ADB574FE1E8D01AA00D4A28E /* PieChart */,
				ADB574FD1E8D01AA00D4A28E /* Products */,
			);
			sourceTree = "<group>";
		};
		ADB574FD1E8D01AA00D4A28E /* Products */ = {
			isa = PBXGroup;
			children = (
				ADB574FC1E8D01AA00D4A28E /* PieChart.app */,
			);
			name = Products;
			sourceTree = "<group>";
		};
		ADB574FE1E8D01AA00D4A28E /* PieChart */ = {
			isa = PBXGroup;
			children = (
				ADB575021E8D01AA00D4A28E /* AppDelegate.h */,
				ADB575031E8D01AA00D4A28E /* AppDelegate.m */,
				ADB575051E8D01AA00D4A28E /* ViewController.h */,
				ADB575061E8D01AA00D4A28E /* ViewController.m */,
				ADB575161E8D01B900D4A28E /* TTPieSliceLayer.h */,
				ADB575171E8D01B900D4A28E /* TTPieSliceLayer.m */,
				ADE9432C1E8E237600D4A28E /* TTPieSliceLayer.h */,
				ADE9432D1E8E237600D4A28E /* TTPieStaticLayer.m */,
				ADB575181E8D01B900D4A28E /* TTPieView.h */,
				ADB575191E8D01B900D4A28E /* TTPieView.m */,
				ADB575081E8D01AA00D4A28E /* Main.storyboard */,
				ADB5750B1E8D01AA00D4A28E /* Assets.xcassets */,
				ADB5750D1E8D01AA00D4A28E /* LaunchScreen.storyboard */,
				ADB575101E8D01AA00D4A28E /* Info.plist */,
				ADB574FF1E8D01AA00D4A28E /* Supporting Files */,
			);
			path = PieChart;
			sourceTree = "<group>";
		};
		ADB574FF1E8D01AA00D4A28E /* Supporting Files */ = {
			isa = PBXGroup;
			children = (
				ADB575001E8D01AA00D4A28E /* main.m */,
			);
			name = "Supporting Files";
			sourceTree = "<group>";
		};
/* End PBXGroup section */

/* Begin PBXNativeTarget section */
		ADB574FB1E8D01AA00D4A28E /* PieChart */ = {
			isa = PBXNativeTarget;
			buildConfigurationList = ADB575131E8D01AA00D4A28E /* Build configuration list for PBXNativeTarget "PieChart" */;
			buildPhases = (
				ADB574F81E8D01AA00D4A28E /* Sources */,
				ADB574F91E8D01AA00D4A28E /* Frameworks */,
				ADB574FA1E8D01AA00D4A28E /* Resources */,
			);
			buildRules = (
			);
			dependencies = (
			);
			name = PieChart;
			productName = PieChart;
			productReference = ADB574FC1E8D01AA00D4A28E /* PieChart.app */;
			productType = "com.apple.product-type.application";
		};
/* End PBXNativeTarget section */

/* Begin PBXProject section */
		ADB574F41E8D01A900D4A28E /* Project object */ = {
			isa = PBXProject;
			attributes = {
				LastUpgradeCheck = 0830;
				ORGANIZATIONNAME = syang;
				TargetAttributes = {
					ADB574FB1E8D01AA00D4A28E = {
						CreatedOnToolsVersion = 8.3;
						ProvisioningStyle = Automatic;
					};
				};
			};
			buildConfigurationList = ADB574F71E8D01A900D4A28E /* Build configuration list for PBXProject "PieChart" */;
			compatibilityVersion = "Xcode 3.2";
			developmentRegion = English;
			hasScannedForEncodings = 0;
			knownRegions = (
				en,
				Base,
			);
			mainGroup = ADB574F31E8D01A900D4A28E;
			productRefGroup = ADB574FD1E8D01AA00D4A28E /* Products */;
			projectDirPath = "";
			projectRoot = "";
			targets = (
				ADB574FB1E8D01AA00D4A28E /* PieChart */,
			);
		};
/* End PBXProject section */

/* Begin PBXResourcesBuildPhase section */
		ADB574FA1E8D01AA00D4A28E /* Resources */ = {
			isa = PBXResourcesBuildPhase;
			buildActionMask = 2147483647;
			files = (
				ADB5750F1E8D01AA00D4A28E /* LaunchScreen.storyboard in Resources */,
				ADB5750C1E8D01AA00D4A28E /* Assets.xcassets in Resources */,
				ADB5750A1E8D01AA00D4A28E /* Main.storyboard in Resources */,
			);
			runOnlyForDeploymentPostprocessing = 0;
		};
/* End PBXResourcesBuildPhase section */

/* Begin PBXSourcesBuildPhase section */
		ADB574F81E8D01AA00D4A28E /* Sources */ = {
			isa = PBXSourcesBuildPhase;
			buildActionMask = 2147483647;
			files = (
				ADE9432E1E8E237600D4A28E /* TTPieStaticLayer.m in Sources */,
				ADB5751B1E8D01B900D4A28E /* TTPieView.m in Sources */,
				ADB575071E8D01AA00D4A28E /* ViewController.m in Sources */,
				ADB575041E8D01AA00D4A28E /* AppDelegate.m in Sources */,
				ADB575011E8D01AA00D4A28E /* main.m in Sources */,
				ADB5751A1E8D01B900D4A28E /* TTPieSliceLayer.m in Sources */,
			);
			runOnlyForDeploymentPostprocessing = 0;
		};
/* End PBXSourcesBuildPhase section */

/* Begin PBXVariantGroup section */
		ADB575081E8D01AA00D4A28E /* Main.storyboard */ = {
			isa = PBXVariantGroup;
			children = (
				ADB575091E8D01AA00D4A28E /* Base */,
			);
			name = Main.storyboard;
			sourceTree = "<group>";
		};
		ADB5750D1E8D01AA00D4A28E /* LaunchScreen.storyboard */ = {
			isa = PBXVariantGroup;
			children = (
				ADB5750E1E8D01AA00D4A28E /* Base */,
			);
			name = LaunchScreen.storyboard;
			sourceTree = "<group>";
		};
/* End PBXVariantGroup section */

/* Begin XCBuildConfiguration section */
		ADB575111E8D01AA00D4A28E /* Debug */ = {
			isa = XCBuildConfiguration;
			buildSettings = {
				ALWAYS_SEARCH_USER_PATHS = NO;
				CLANG_ANALYZER_NONNULL = YES;
				CLANG_ANALYZER_NUMBER_OBJECT_CONVERSION = YES_AGGRESSIVE;
				CLANG_CXX_LANGUAGE_STANDARD = "gnu++0x";
				CLANG_CXX_LIBRARY = "libc++";
				CLANG_ENABLE_MODULES = YES;
				CLANG_ENABLE_OBJC_ARC = YES;
				CLANG_WARN_BOOL_CONVERSION = YES;
				CLANG_WARN_CONSTANT_CONVERSION = YES;
				CLANG_WARN_DIRECT_OBJC_ISA_USAGE = YES_ERROR;
				CLANG_WARN_DOCUMENTATION_COMMENTS = YES;
				CLANG_WARN_EMPTY_BODY = YES;
				CLANG_WARN_ENUM_CONVERSION = YES;
				CLANG_WARN_INFINITE_RECURSION = YES;
				CLANG_WARN_INT_CONVERSION = YES;
				CLANG_WARN_OBJC_ROOT_CLASS = YES_ERROR;
				CLANG_WARN_SUSPICIOUS_MOVE = YES;
				CLANG_WARN_UNREACHABLE_CODE = YES;
				CLANG_WARN__DUPLICATE_METHOD_MATCH = YES;
				"CODE_SIGN_IDENTITY[sdk=iphoneos*]" = "iPhone Developer";
				COPY_PHASE_STRIP = NO;
				DEBUG_INFORMATION_FORMAT = dwarf;
				ENABLE_STRICT_OBJC_MSGSEND = YES;
				ENABLE_TESTABILITY = YES;
				GCC_C_LANGUAGE_STANDARD = gnu99;
				GCC_DYNAMIC_NO_PIC = NO;
				GCC_NO_COMMON_BLOCKS = YES;
				GCC_OPTIMIZATION_LEVEL = 0;
				GCC_PREPROCESSOR_DEFINITIONS = (
					"DEBUG=1",
					"$(inherited)",
				);
				GCC_WARN_64_TO_32_BIT_CONVERSION = YES;
				GCC_WARN_ABOUT_RETURN_TYPE = YES_ERROR;
				GCC_WARN_UNDECLARED_SELECTOR = YES;
				GCC_WARN_UNINITIALIZED_AUTOS = YES_AGGRESSIVE;
				GCC_WARN_UNUSED_FUNCTION = YES;
				GCC_WARN_UNUSED_VARIABLE = YES;
				IPHONEOS_DEPLOYMENT_TARGET = 8.0;
				MTL_ENABLE_DEBUG_INFO = YES;
				ONLY_ACTIVE_ARCH = YES;
				SDKROOT = iphoneos;
			};
			name = Debug;
		};
		ADB575121E8D01AA00D4A28E /* Release */ = {
			isa = XCBuildConfiguration;
			buildSettings = {
				ALWAYS_SEARCH_USER_PATHS = NO;
				CLANG_ANALYZER_NONNULL = YES;
				CLANG_ANALYZER_NUMBER_OBJECT_CONVERSION = YES_AGGRESSIVE;
				CLANG_CXX_LANGUAGE_STANDARD = "gnu++0x";
				CLANG_CXX_LIBRARY = "libc++";
				CLANG_ENABLE_MODULES = YES;
				CLANG_ENABLE_OBJC_ARC = YES;
				CLANG_WARN_BOOL_CONVERSION = YES;
				CLANG_WARN_CONSTANT_CONVERSION = YES;
				CLANG_WARN_DIRECT_OBJC_ISA_USAGE = YES_ERROR;
				CLANG_WARN_DOCUMENTATION_COMMENTS = YES;
				CLANG_WARN_EMPTY_BODY = YES;
				CLANG_WARN_ENUM_CONVERSION = YES;
				CLANG_WARN_INFINITE_RECURSION = YES;
				CLANG_WARN_INT_CONVERSION = YES;
				CLANG_WARN_OBJC_ROOT_CLASS = YES_ERROR;
				CLANG_WARN_SUSPICIOUS_MOVE = YES;
				CLANG_WARN_UNREACHABLE_CODE = YES;
				CLANG_WARN__DUPLICATE_METHOD_MATCH = YES;
				"CODE_SIGN_IDENTITY[sdk=iphoneos*]" = "iPhone Developer";
				COPY_PHASE_STRIP = NO;
				DEBUG_INFORMATION_FORMAT = "dwarf-with-dsym";
				ENABLE_NS_ASSERTIONS = NO;
				ENABLE_STRICT_OBJC_MSGSEND = YES;
				GCC_C_LANGUAGE_STANDARD = gnu99;
				GCC_NO_COMMON_BLOCKS = YES;
				GCC_WARN_64_TO_32_BIT_CONVERSION = YES;
				GCC_WARN_ABOUT_RETURN_TYPE = YES_ERROR;
				GCC_WARN_UNDECLARED_SELECTOR = YES;
				GCC_WARN_UNINITIALIZED_AUTOS = YES_AGGRESSIVE;
				GCC_WARN_UNUSED_FUNCTION = YES;
				GCC_WARN_UNUSED_VARIABLE = YES;
				IPHONEOS_DEPLOYMENT_TARGET = 8.0;
				MTL_ENABLE_DEBUG_INFO = NO;
				SDKROOT = iphoneos;
				VALIDATE_PRODUCT = YES;
			};
			name = Release;
		};
		ADB575141E8D01AA00D4A28E /* Debug */ = {
			isa = XCBuildConfiguration;
			buildSettings = {
				ASSETCATALOG_COMPILER_APPICON_NAME = AppIcon;
				INFOPLIST_FILE = PieChart/Info.plist;
				LD_RUNPATH_SEARCH_PATHS = "$(inherited) @executable_path/Frameworks";
				PRODUCT_BUNDLE_IDENTIFIER = com.syang.PieChart;
				PRODUCT_NAME = "$(TARGET_NAME)";
			};
			name = Debug;
		};
		ADB575151E8D01AA00D4A28E /* Release */ = {
			isa = XCBuildConfiguration;
			buildSettings = {
				ASSETCATALOG_COMPILER_APPICON_NAME = AppIcon;
				INFOPLIST_FILE = PieChart/Info.plist;
				LD_RUNPATH_SEARCH_PATHS = "$(inherited) @executable_path/Frameworks";
				PRODUCT_BUNDLE_IDENTIFIER = com.syang.PieChart;
				PRODUCT_NAME = "$(TARGET_NAME)";
			};
			name = Release;
		};
/* End XCBuildConfiguration section */

/* Begin XCConfigurationList section */
		ADB574F71E8D01A900D4A28E /* Build configuration list for PBXProject "PieChart" */ = {
			isa = XCConfigurationList;
			buildConfigurations = (
				ADB575111E8D01AA00D4A28E /* Debug */,
				ADB575121E8D01AA00D4A28E /* Release */,
			);
			defaultConfigurationIsVisible = 0;
			defaultConfigurationName = Release;
		};
		ADB575131E8D01AA00D4A28E /* Build configuration list for PBXNativeTarget "PieChart" */ = {
			isa = XCConfigurationList;
			buildConfigurations = (
				ADB575141E8D01AA00D4A28E /* Debug */,
				ADB575151E8D01AA00D4A28E /* Release */,
			);
			defaultConfigurationIsVisible = 0;
			defaultConfigurationName = Release;
		};
/* End XCConfigurationList section */
	};
	rootObject = ADB574F41E8D01A900D4A28E /* Project object */;
}
